
Microsoft Visual Studio Solution File, Format Version 12.00
# Visual Studio Version 16
VisualStudioVersion = 16.0.28701.123
MinimumVisualStudioVersion = 10.0.40219.1
Project("{FAE04EC0-301F-11D3-BF4B-00C04F79EFBC}") = "ChuvsuEvents", "ChuvsuEvents\ChuvsuEvents.csproj", "{3E59EBB0-17F0-4359-A003-024BE32BD156}"
EndProject
Global
	GlobalSection(SolutionConfigurationPlatforms) = preSolution
		Debug|Any CPU = Debug|Any CPU
		Release|Any CPU = Release|Any CPU
	EndGlobalSection
	GlobalSection(ProjectConfigurationPlatforms) = postSolution
		{3E59EBB0-17F0-4359-A003-024BE32BD156}.Debug|Any CPU.ActiveCfg = Debug|Any CPU
		{3E59EBB0-17F0-4359-A003-024BE32BD156}.Debug|Any CPU.Build.0 = Debug|Any CPU
		{3E59EBB0-17F0-4359-A003-024BE32BD156}.Release|Any CPU.ActiveCfg = Release|Any CPU
		{3E59EBB0-17F0-4359-A003-024BE32BD156}.Release|Any CPU.Build.0 = Release|Any CPU
	EndGlobalSection
	GlobalSection(SolutionProperties) = preSolution
		HideSolutionNode = FALSE
	EndGlobalSection
	GlobalSection(ExtensibilityGlobals) = postSolution
		SolutionGuid = {BCAABFFF-A37D-454F-95DB-921CA5FE5982}
	EndGlobalSection
EndGlobal
